// !$*UTF8*$!
{
	archiveVersion = 1;
	classes = {
	};
	objectVersion = 46;
	objects = {

/* Begin PBXBuildFile section */
		D33748DE1A18535F00BDC1F7 /* Bolts.framework in Frameworks */ = {isa = PBXBuildFile; fileRef = D33748DC1A18535F00BDC1F7 /* Bolts.framework */; };
		D33748DF1A18535F00BDC1F7 /* Parse.framework in Frameworks */ = {isa = PBXBuildFile; fileRef = D33748DD1A18535F00BDC1F7 /* Parse.framework */; };
		D33748E11A1853A300BDC1F7 /* AudioToolbox.framework in Frameworks */ = {isa = PBXBuildFile; fileRef = D33748E01A1853A300BDC1F7 /* AudioToolbox.framework */; };
		D33748E31A1853AA00BDC1F7 /* CFNetwork.framework in Frameworks */ = {isa = PBXBuildFile; fileRef = D33748E21A1853AA00BDC1F7 /* CFNetwork.framework */; };
		D33748E51A1853B300BDC1F7 /* CoreGraphics.framework in Frameworks */ = {isa = PBXBuildFile; fileRef = D33748E41A1853B300BDC1F7 /* CoreGraphics.framework */; };
		D33748E71A1853C100BDC1F7 /* libz.dylib in Frameworks */ = {isa = PBXBuildFile; fileRef = D33748E61A1853C100BDC1F7 /* libz.dylib */; };
		D33748E91A1853CA00BDC1F7 /* MobileCoreServices.framework in Frameworks */ = {isa = PBXBuildFile; fileRef = D33748E81A1853CA00BDC1F7 /* MobileCoreServices.framework */; };
		D33748EB1A1853D100BDC1F7 /* QuartzCore.framework in Frameworks */ = {isa = PBXBuildFile; fileRef = D33748EA1A1853D100BDC1F7 /* QuartzCore.framework */; };
		D33748ED1A1853D900BDC1F7 /* Security.framework in Frameworks */ = {isa = PBXBuildFile; fileRef = D33748EC1A1853D900BDC1F7 /* Security.framework */; };
		D33748EF1A1853E000BDC1F7 /* StoreKit.framework in Frameworks */ = {isa = PBXBuildFile; fileRef = D33748EE1A1853E000BDC1F7 /* StoreKit.framework */; };
		D33748F11A1853E900BDC1F7 /* SystemConfiguration.framework in Frameworks */ = {isa = PBXBuildFile; fileRef = D33748F01A1853E900BDC1F7 /* SystemConfiguration.framework */; };
		D33748F31A18551800BDC1F7 /* ParseUI.framework in Frameworks */ = {isa = PBXBuildFile; fileRef = D33748F21A18551800BDC1F7 /* ParseUI.framework */; };
		D358ACDC1A184E9C002E7E9A /* icon-avatar-60x60.png in Resources */ = {isa = PBXBuildFile; fileRef = D358ACC81A184E9C002E7E9A /* icon-avatar-60x60.png */; };
		D358ACDD1A184E9C002E7E9A /* icon-avatar-60x60@2x.png in Resources */ = {isa = PBXBuildFile; fileRef = D358ACC91A184E9C002E7E9A /* icon-avatar-60x60@2x.png */; };
		D358ACDE1A184E9C002E7E9A /* icon-checkbox-selected-green-25x25.png in Resources */ = {isa = PBXBuildFile; fileRef = D358ACCA1A184E9C002E7E9A /* icon-checkbox-selected-green-25x25.png */; };
		D358ACDF1A184E9C002E7E9A /* icon-checkbox-selected-green-25x25@2x.png in Resources */ = {isa = PBXBuildFile; fileRef = D358ACCB1A184E9C002E7E9A /* icon-checkbox-selected-green-25x25@2x.png */; };
		D358ACE01A184E9C002E7E9A /* icon-checkbox-unselected-25x25.png in Resources */ = {isa = PBXBuildFile; fileRef = D358ACCC1A184E9C002E7E9A /* icon-checkbox-unselected-25x25.png */; };
		D358ACE11A184E9C002E7E9A /* icon-checkbox-unselected-25x25@2x.png in Resources */ = {isa = PBXBuildFile; fileRef = D358ACCD1A184E9C002E7E9A /* icon-checkbox-unselected-25x25@2x.png */; };
		D358ACE21A184E9C002E7E9A /* THBubbleColor.m in Sources */ = {isa = PBXBuildFile; fileRef = D358ACCF1A184E9C002E7E9A /* THBubbleColor.m */; };
		D358ACE31A184E9C002E7E9A /* THContact.m in Sources */ = {isa = PBXBuildFile; fileRef = D358ACD11A184E9C002E7E9A /* THContact.m */; };
		D358ACE41A184E9C002E7E9A /* THContactBubble.m in Sources */ = {isa = PBXBuildFile; fileRef = D358ACD31A184E9C002E7E9A /* THContactBubble.m */; };
		D358ACE51A184E9C002E7E9A /* THContactPickerTableViewCell.m in Sources */ = {isa = PBXBuildFile; fileRef = D358ACD51A184E9C002E7E9A /* THContactPickerTableViewCell.m */; };
		D358ACE61A184E9C002E7E9A /* THContactPickerTableViewCell.xib in Resources */ = {isa = PBXBuildFile; fileRef = D358ACD61A184E9C002E7E9A /* THContactPickerTableViewCell.xib */; };
		D358ACE71A184E9C002E7E9A /* THContactPickerView.m in Sources */ = {isa = PBXBuildFile; fileRef = D358ACD81A184E9C002E7E9A /* THContactPickerView.m */; };
		D358ACE81A184E9C002E7E9A /* THContactPickerViewController.m in Sources */ = {isa = PBXBuildFile; fileRef = D358ACDA1A184E9C002E7E9A /* THContactPickerViewController.m */; };
		D358ACE91A184E9C002E7E9A /* THContactPickerViewController.xib in Resources */ = {isa = PBXBuildFile; fileRef = D358ACDB1A184E9C002E7E9A /* THContactPickerViewController.xib */; };
		D3F85C351A17CD76001D3FE5 /* main.m in Sources */ = {isa = PBXBuildFile; fileRef = D3F85C341A17CD76001D3FE5 /* main.m */; };
		D3F85C381A17CD76001D3FE5 /* AppDelegate.m in Sources */ = {isa = PBXBuildFile; fileRef = D3F85C371A17CD76001D3FE5 /* AppDelegate.m */; };
		D3F85C3B1A17CD76001D3FE5 /* Follow_Me.xcdatamodeld in Sources */ = {isa = PBXBuildFile; fileRef = D3F85C391A17CD76001D3FE5 /* Follow_Me.xcdatamodeld */; };
		D3F85C3E1A17CD76001D3FE5 /* MapViewController.m in Sources */ = {isa = PBXBuildFile; fileRef = D3F85C3D1A17CD76001D3FE5 /* MapViewController.m */; };
		D3F85C411A17CD76001D3FE5 /* Main.storyboard in Resources */ = {isa = PBXBuildFile; fileRef = D3F85C3F1A17CD76001D3FE5 /* Main.storyboard */; };
		D3F85C431A17CD76001D3FE5 /* Images.xcassets in Resources */ = {isa = PBXBuildFile; fileRef = D3F85C421A17CD76001D3FE5 /* Images.xcassets */; };
		D3F85C461A17CD76001D3FE5 /* LaunchScreen.xib in Resources */ = {isa = PBXBuildFile; fileRef = D3F85C441A17CD76001D3FE5 /* LaunchScreen.xib */; };
		D3F85C521A17CD76001D3FE5 /* Follow_MeTests.m in Sources */ = {isa = PBXBuildFile; fileRef = D3F85C511A17CD76001D3FE5 /* Follow_MeTests.m */; };
		D3F85C5C1A17D352001D3FE5 /* MapKit.framework in Frameworks */ = {isa = PBXBuildFile; fileRef = D3F85C5B1A17D352001D3FE5 /* MapKit.framework */; };
		D3F85C5E1A17D773001D3FE5 /* CoreLocation.framework in Frameworks */ = {isa = PBXBuildFile; fileRef = D3F85C5D1A17D773001D3FE5 /* CoreLocation.framework */; };
		D3F85CAB1A181E3F001D3FE5 /* UIKit.framework in Frameworks */ = {isa = PBXBuildFile; fileRef = D3F85CAA1A181E3F001D3FE5 /* UIKit.framework */; };
		D3F85CC61A1829FC001D3FE5 /* ContactPickerViewController.m in Sources */ = {isa = PBXBuildFile; fileRef = D3F85CC51A1829FC001D3FE5 /* ContactPickerViewController.m */; };
		D3F85CC91A182E2E001D3FE5 /* WelcomeViewController.m in Sources */ = {isa = PBXBuildFile; fileRef = D3F85CC81A182E2E001D3FE5 /* WelcomeViewController.m */; };
/* End PBXBuildFile section */

/* Begin PBXContainerItemProxy section */
		D3F85C4C1A17CD76001D3FE5 /* PBXContainerItemProxy */ = {
			isa = PBXContainerItemProxy;
			containerPortal = D3F85C271A17CD76001D3FE5 /* Project object */;
			proxyType = 1;
			remoteGlobalIDString = D3F85C2E1A17CD76001D3FE5;
			remoteInfo = "Follow Me";
		};
/* End PBXContainerItemProxy section */

/* Begin PBXFileReference section */
		B115BEE31A18532800B402A9 /* README.md */ = {isa = PBXFileReference; lastKnownFileType = net.daringfireball.markdown; path = README.md; sourceTree = "<group>"; };
		D33748DC1A18535F00BDC1F7 /* Bolts.framework */ = {isa = PBXFileReference; lastKnownFileType = wrapper.framework; path = Bolts.framework; sourceTree = "<group>"; };
		D33748DD1A18535F00BDC1F7 /* Parse.framework */ = {isa = PBXFileReference; lastKnownFileType = wrapper.framework; path = Parse.framework; sourceTree = "<group>"; };
		D33748E01A1853A300BDC1F7 /* AudioToolbox.framework */ = {isa = PBXFileReference; lastKnownFileType = wrapper.framework; name = AudioToolbox.framework; path = System/Library/Frameworks/AudioToolbox.framework; sourceTree = SDKROOT; };
		D33748E21A1853AA00BDC1F7 /* CFNetwork.framework */ = {isa = PBXFileReference; lastKnownFileType = wrapper.framework; name = CFNetwork.framework; path = System/Library/Frameworks/CFNetwork.framework; sourceTree = SDKROOT; };
		D33748E41A1853B300BDC1F7 /* CoreGraphics.framework */ = {isa = PBXFileReference; lastKnownFileType = wrapper.framework; name = CoreGraphics.framework; path = System/Library/Frameworks/CoreGraphics.framework; sourceTree = SDKROOT; };
		D33748E61A1853C100BDC1F7 /* libz.dylib */ = {isa = PBXFileReference; lastKnownFileType = "compiled.mach-o.dylib"; name = libz.dylib; path = usr/lib/libz.dylib; sourceTree = SDKROOT; };
		D33748E81A1853CA00BDC1F7 /* MobileCoreServices.framework */ = {isa = PBXFileReference; lastKnownFileType = wrapper.framework; name = MobileCoreServices.framework; path = System/Library/Frameworks/MobileCoreServices.framework; sourceTree = SDKROOT; };
		D33748EA1A1853D100BDC1F7 /* QuartzCore.framework */ = {isa = PBXFileReference; lastKnownFileType = wrapper.framework; name = QuartzCore.framework; path = System/Library/Frameworks/QuartzCore.framework; sourceTree = SDKROOT; };
		D33748EC1A1853D900BDC1F7 /* Security.framework */ = {isa = PBXFileReference; lastKnownFileType = wrapper.framework; name = Security.framework; path = System/Library/Frameworks/Security.framework; sourceTree = SDKROOT; };
		D33748EE1A1853E000BDC1F7 /* StoreKit.framework */ = {isa = PBXFileReference; lastKnownFileType = wrapper.framework; name = StoreKit.framework; path = System/Library/Frameworks/StoreKit.framework; sourceTree = SDKROOT; };
		D33748F01A1853E900BDC1F7 /* SystemConfiguration.framework */ = {isa = PBXFileReference; lastKnownFileType = wrapper.framework; name = SystemConfiguration.framework; path = System/Library/Frameworks/SystemConfiguration.framework; sourceTree = SDKROOT; };
		D33748F21A18551800BDC1F7 /* ParseUI.framework */ = {isa = PBXFileReference; lastKnownFileType = wrapper.framework; path = ParseUI.framework; sourceTree = "<group>"; };
		D358ACC81A184E9C002E7E9A /* icon-avatar-60x60.png */ = {isa = PBXFileReference; lastKnownFileType = image.png; path = "icon-avatar-60x60.png"; sourceTree = "<group>"; };
		D358ACC91A184E9C002E7E9A /* icon-avatar-60x60@2x.png */ = {isa = PBXFileReference; lastKnownFileType = image.png; path = "icon-avatar-60x60@2x.png"; sourceTree = "<group>"; };
		D358ACCA1A184E9C002E7E9A /* icon-checkbox-selected-green-25x25.png */ = {isa = PBXFileReference; lastKnownFileType = image.png; path = "icon-checkbox-selected-green-25x25.png"; sourceTree = "<group>"; };
		D358ACCB1A184E9C002E7E9A /* icon-checkbox-selected-green-25x25@2x.png */ = {isa = PBXFileReference; lastKnownFileType = image.png; path = "icon-checkbox-selected-green-25x25@2x.png"; sourceTree = "<group>"; };
		D358ACCC1A184E9C002E7E9A /* icon-checkbox-unselected-25x25.png */ = {isa = PBXFileReference; lastKnownFileType = image.png; path = "icon-checkbox-unselected-25x25.png"; sourceTree = "<group>"; };
		D358ACCD1A184E9C002E7E9A /* icon-checkbox-unselected-25x25@2x.png */ = {isa = PBXFileReference; lastKnownFileType = image.png; path = "icon-checkbox-unselected-25x25@2x.png"; sourceTree = "<group>"; };
		D358ACCE1A184E9C002E7E9A /* THBubbleColor.h */ = {isa = PBXFileReference; fileEncoding = 4; lastKnownFileType = sourcecode.c.h; path = THBubbleColor.h; sourceTree = "<group>"; };
		D358ACCF1A184E9C002E7E9A /* THBubbleColor.m */ = {isa = PBXFileReference; fileEncoding = 4; lastKnownFileType = sourcecode.c.objc; path = THBubbleColor.m; sourceTree = "<group>"; };
		D358ACD01A184E9C002E7E9A /* THContact.h */ = {isa = PBXFileReference; fileEncoding = 4; lastKnownFileType = sourcecode.c.h; path = THContact.h; sourceTree = "<group>"; };
		D358ACD11A184E9C002E7E9A /* THContact.m */ = {isa = PBXFileReference; fileEncoding = 4; lastKnownFileType = sourcecode.c.objc; path = THContact.m; sourceTree = "<group>"; };
		D358ACD21A184E9C002E7E9A /* THContactBubble.h */ = {isa = PBXFileReference; fileEncoding = 4; lastKnownFileType = sourcecode.c.h; path = THContactBubble.h; sourceTree = "<group>"; };
		D358ACD31A184E9C002E7E9A /* THContactBubble.m */ = {isa = PBXFileReference; fileEncoding = 4; lastKnownFileType = sourcecode.c.objc; path = THContactBubble.m; sourceTree = "<group>"; };
		D358ACD41A184E9C002E7E9A /* THContactPickerTableViewCell.h */ = {isa = PBXFileReference; fileEncoding = 4; lastKnownFileType = sourcecode.c.h; path = THContactPickerTableViewCell.h; sourceTree = "<group>"; };
		D358ACD51A184E9C002E7E9A /* THContactPickerTableViewCell.m */ = {isa = PBXFileReference; fileEncoding = 4; lastKnownFileType = sourcecode.c.objc; path = THContactPickerTableViewCell.m; sourceTree = "<group>"; };
		D358ACD61A184E9C002E7E9A /* THContactPickerTableViewCell.xib */ = {isa = PBXFileReference; fileEncoding = 4; lastKnownFileType = file.xib; path = THContactPickerTableViewCell.xib; sourceTree = "<group>"; };
		D358ACD71A184E9C002E7E9A /* THContactPickerView.h */ = {isa = PBXFileReference; fileEncoding = 4; lastKnownFileType = sourcecode.c.h; path = THContactPickerView.h; sourceTree = "<group>"; };
		D358ACD81A184E9C002E7E9A /* THContactPickerView.m */ = {isa = PBXFileReference; fileEncoding = 4; lastKnownFileType = sourcecode.c.objc; path = THContactPickerView.m; sourceTree = "<group>"; };
		D358ACD91A184E9C002E7E9A /* THContactPickerViewController.h */ = {isa = PBXFileReference; fileEncoding = 4; lastKnownFileType = sourcecode.c.h; path = THContactPickerViewController.h; sourceTree = "<group>"; };
		D358ACDA1A184E9C002E7E9A /* THContactPickerViewController.m */ = {isa = PBXFileReference; fileEncoding = 4; lastKnownFileType = sourcecode.c.objc; path = THContactPickerViewController.m; sourceTree = "<group>"; };
		D358ACDB1A184E9C002E7E9A /* THContactPickerViewController.xib */ = {isa = PBXFileReference; fileEncoding = 4; lastKnownFileType = file.xib; path = THContactPickerViewController.xib; sourceTree = "<group>"; };
		D3F85C2F1A17CD76001D3FE5 /* Follow Me.app */ = {isa = PBXFileReference; explicitFileType = wrapper.application; includeInIndex = 0; path = "Follow Me.app"; sourceTree = BUILT_PRODUCTS_DIR; };
		D3F85C331A17CD76001D3FE5 /* Info.plist */ = {isa = PBXFileReference; lastKnownFileType = text.plist.xml; path = Info.plist; sourceTree = "<group>"; };
		D3F85C341A17CD76001D3FE5 /* main.m */ = {isa = PBXFileReference; lastKnownFileType = sourcecode.c.objc; path = main.m; sourceTree = "<group>"; };
		D3F85C361A17CD76001D3FE5 /* AppDelegate.h */ = {isa = PBXFileReference; lastKnownFileType = sourcecode.c.h; path = AppDelegate.h; sourceTree = "<group>"; };
		D3F85C371A17CD76001D3FE5 /* AppDelegate.m */ = {isa = PBXFileReference; lastKnownFileType = sourcecode.c.objc; path = AppDelegate.m; sourceTree = "<group>"; };
		D3F85C3A1A17CD76001D3FE5 /* Follow_Me.xcdatamodel */ = {isa = PBXFileReference; lastKnownFileType = wrapper.xcdatamodel; path = Follow_Me.xcdatamodel; sourceTree = "<group>"; };
		D3F85C3C1A17CD76001D3FE5 /* MapViewController.h */ = {isa = PBXFileReference; lastKnownFileType = sourcecode.c.h; path = MapViewController.h; sourceTree = "<group>"; };
		D3F85C3D1A17CD76001D3FE5 /* MapViewController.m */ = {isa = PBXFileReference; lastKnownFileType = sourcecode.c.objc; path = MapViewController.m; sourceTree = "<group>"; };
		D3F85C401A17CD76001D3FE5 /* Base */ = {isa = PBXFileReference; lastKnownFileType = file.storyboard; name = Base; path = Base.lproj/Main.storyboard; sourceTree = "<group>"; };
		D3F85C421A17CD76001D3FE5 /* Images.xcassets */ = {isa = PBXFileReference; lastKnownFileType = folder.assetcatalog; path = Images.xcassets; sourceTree = "<group>"; };
		D3F85C451A17CD76001D3FE5 /* Base */ = {isa = PBXFileReference; lastKnownFileType = file.xib; name = Base; path = Base.lproj/LaunchScreen.xib; sourceTree = "<group>"; };
		D3F85C4B1A17CD76001D3FE5 /* Follow MeTests.xctest */ = {isa = PBXFileReference; explicitFileType = wrapper.cfbundle; includeInIndex = 0; path = "Follow MeTests.xctest"; sourceTree = BUILT_PRODUCTS_DIR; };
		D3F85C501A17CD76001D3FE5 /* Info.plist */ = {isa = PBXFileReference; lastKnownFileType = text.plist.xml; path = Info.plist; sourceTree = "<group>"; };
		D3F85C511A17CD76001D3FE5 /* Follow_MeTests.m */ = {isa = PBXFileReference; lastKnownFileType = sourcecode.c.objc; path = Follow_MeTests.m; sourceTree = "<group>"; };
		D3F85C5B1A17D352001D3FE5 /* MapKit.framework */ = {isa = PBXFileReference; lastKnownFileType = wrapper.framework; name = MapKit.framework; path = System/Library/Frameworks/MapKit.framework; sourceTree = SDKROOT; };
		D3F85C5D1A17D773001D3FE5 /* CoreLocation.framework */ = {isa = PBXFileReference; lastKnownFileType = wrapper.framework; name = CoreLocation.framework; path = System/Library/Frameworks/CoreLocation.framework; sourceTree = SDKROOT; };
		D3F85CAA1A181E3F001D3FE5 /* UIKit.framework */ = {isa = PBXFileReference; lastKnownFileType = wrapper.framework; name = UIKit.framework; path = System/Library/Frameworks/UIKit.framework; sourceTree = SDKROOT; };
		D3F85CC41A1829FC001D3FE5 /* ContactPickerViewController.h */ = {isa = PBXFileReference; fileEncoding = 4; lastKnownFileType = sourcecode.c.h; path = ContactPickerViewController.h; sourceTree = "<group>"; };
		D3F85CC51A1829FC001D3FE5 /* ContactPickerViewController.m */ = {isa = PBXFileReference; fileEncoding = 4; lastKnownFileType = sourcecode.c.objc; path = ContactPickerViewController.m; sourceTree = "<group>"; };
		D3F85CC71A182E2E001D3FE5 /* WelcomeViewController.h */ = {isa = PBXFileReference; fileEncoding = 4; lastKnownFileType = sourcecode.c.h; path = WelcomeViewController.h; sourceTree = "<group>"; };
		D3F85CC81A182E2E001D3FE5 /* WelcomeViewController.m */ = {isa = PBXFileReference; fileEncoding = 4; lastKnownFileType = sourcecode.c.objc; path = WelcomeViewController.m; sourceTree = "<group>"; };
/* End PBXFileReference section */

/* Begin PBXFrameworksBuildPhase section */
		D3F85C2C1A17CD76001D3FE5 /* Frameworks */ = {
			isa = PBXFrameworksBuildPhase;
			buildActionMask = 2147483647;
			files = (
				D33748F11A1853E900BDC1F7 /* SystemConfiguration.framework in Frameworks */,
				D33748EF1A1853E000BDC1F7 /* StoreKit.framework in Frameworks */,
				D33748ED1A1853D900BDC1F7 /* Security.framework in Frameworks */,
				D33748EB1A1853D100BDC1F7 /* QuartzCore.framework in Frameworks */,
				D33748E91A1853CA00BDC1F7 /* MobileCoreServices.framework in Frameworks */,
				D33748E71A1853C100BDC1F7 /* libz.dylib in Frameworks */,
				D3F85C5E1A17D773001D3FE5 /* CoreLocation.framework in Frameworks */,
				D33748E51A1853B300BDC1F7 /* CoreGraphics.framework in Frameworks */,
				D33748E31A1853AA00BDC1F7 /* CFNetwork.framework in Frameworks */,
				D33748E11A1853A300BDC1F7 /* AudioToolbox.framework in Frameworks */,
				D3F85CAB1A181E3F001D3FE5 /* UIKit.framework in Frameworks */,
				D3F85C5C1A17D352001D3FE5 /* MapKit.framework in Frameworks */,
				D33748F31A18551800BDC1F7 /* ParseUI.framework in Frameworks */,
				D33748DE1A18535F00BDC1F7 /* Bolts.framework in Frameworks */,
				D33748DF1A18535F00BDC1F7 /* Parse.framework in Frameworks */,
			);
			runOnlyForDeploymentPostprocessing = 0;
		};
		D3F85C481A17CD76001D3FE5 /* Frameworks */ = {
			isa = PBXFrameworksBuildPhase;
			buildActionMask = 2147483647;
			files = (
			);
			runOnlyForDeploymentPostprocessing = 0;
		};
/* End PBXFrameworksBuildPhase section */

/* Begin PBXGroup section */
		D33748DB1A18534300BDC1F7 /* Frameworks */ = {
			isa = PBXGroup;
			children = (
				D33748F21A18551800BDC1F7 /* ParseUI.framework */,
				D33748F01A1853E900BDC1F7 /* SystemConfiguration.framework */,
				D33748EE1A1853E000BDC1F7 /* StoreKit.framework */,
				D33748EC1A1853D900BDC1F7 /* Security.framework */,
				D33748EA1A1853D100BDC1F7 /* QuartzCore.framework */,
				D33748E81A1853CA00BDC1F7 /* MobileCoreServices.framework */,
				D33748E61A1853C100BDC1F7 /* libz.dylib */,
				D33748E41A1853B300BDC1F7 /* CoreGraphics.framework */,
				D33748E21A1853AA00BDC1F7 /* CFNetwork.framework */,
				D33748E01A1853A300BDC1F7 /* AudioToolbox.framework */,
				D33748DC1A18535F00BDC1F7 /* Bolts.framework */,
				D33748DD1A18535F00BDC1F7 /* Parse.framework */,
				D3F85C5D1A17D773001D3FE5 /* CoreLocation.framework */,
				D3F85CAA1A181E3F001D3FE5 /* UIKit.framework */,
				D3F85C5B1A17D352001D3FE5 /* MapKit.framework */,
			);
			name = Frameworks;
			sourceTree = "<group>";
		};
		D358ACC71A184E9C002E7E9A /* THContactPicker */ = {
			isa = PBXGroup;
			children = (
				D358ACC81A184E9C002E7E9A /* icon-avatar-60x60.png */,
				D358ACC91A184E9C002E7E9A /* icon-avatar-60x60@2x.png */,
				D358ACCA1A184E9C002E7E9A /* icon-checkbox-selected-green-25x25.png */,
				D358ACCB1A184E9C002E7E9A /* icon-checkbox-selected-green-25x25@2x.png */,
				D358ACCC1A184E9C002E7E9A /* icon-checkbox-unselected-25x25.png */,
				D358ACCD1A184E9C002E7E9A /* icon-checkbox-unselected-25x25@2x.png */,
				D358ACCE1A184E9C002E7E9A /* THBubbleColor.h */,
				D358ACCF1A184E9C002E7E9A /* THBubbleColor.m */,
				D358ACD01A184E9C002E7E9A /* THContact.h */,
				D358ACD11A184E9C002E7E9A /* THContact.m */,
				D358ACD21A184E9C002E7E9A /* THContactBubble.h */,
				D358ACD31A184E9C002E7E9A /* THContactBubble.m */,
				D358ACD41A184E9C002E7E9A /* THContactPickerTableViewCell.h */,
				D358ACD51A184E9C002E7E9A /* THContactPickerTableViewCell.m */,
				D358ACD61A184E9C002E7E9A /* THContactPickerTableViewCell.xib */,
				D358ACD71A184E9C002E7E9A /* THContactPickerView.h */,
				D358ACD81A184E9C002E7E9A /* THContactPickerView.m */,
				D358ACD91A184E9C002E7E9A /* THContactPickerViewController.h */,
				D358ACDA1A184E9C002E7E9A /* THContactPickerViewController.m */,
				D358ACDB1A184E9C002E7E9A /* THContactPickerViewController.xib */,
			);
			name = THContactPicker;
			path = ContactPicker;
			sourceTree = "<group>";
		};
		D3F85C261A17CD76001D3FE5 = {
			isa = PBXGroup;
			children = (
				B115BEE31A18532800B402A9 /* README.md */,
				D33748DB1A18534300BDC1F7 /* Frameworks */,
				D3F85C311A17CD76001D3FE5 /* Follow Me */,
				D3F85C4E1A17CD76001D3FE5 /* Follow MeTests */,
				D3F85C301A17CD76001D3FE5 /* Products */,
			);
			sourceTree = "<group>";
		};
		D3F85C301A17CD76001D3FE5 /* Products */ = {
			isa = PBXGroup;
			children = (
				D3F85C2F1A17CD76001D3FE5 /* Follow Me.app */,
				D3F85C4B1A17CD76001D3FE5 /* Follow MeTests.xctest */,
			);
			name = Products;
			sourceTree = "<group>";
		};
		D3F85C311A17CD76001D3FE5 /* Follow Me */ = {
			isa = PBXGroup;
			children = (
				D358ACC71A184E9C002E7E9A /* THContactPicker */,
				D3F85C3F1A17CD76001D3FE5 /* Main.storyboard */,
				D3F85C361A17CD76001D3FE5 /* AppDelegate.h */,
				D3F85C371A17CD76001D3FE5 /* AppDelegate.m */,
				D3F85CC71A182E2E001D3FE5 /* WelcomeViewController.h */,
				D3F85CC81A182E2E001D3FE5 /* WelcomeViewController.m */,
				D3F85CC41A1829FC001D3FE5 /* ContactPickerViewController.h */,
				D3F85CC51A1829FC001D3FE5 /* ContactPickerViewController.m */,
				D3F85C3C1A17CD76001D3FE5 /* MapViewController.h */,
				D3F85C3D1A17CD76001D3FE5 /* MapViewController.m */,
				D3F85C421A17CD76001D3FE5 /* Images.xcassets */,
				D3F85C441A17CD76001D3FE5 /* LaunchScreen.xib */,
				D3F85C391A17CD76001D3FE5 /* Follow_Me.xcdatamodeld */,
				D3F85C321A17CD76001D3FE5 /* Supporting Files */,
			);
			path = "Follow Me";
			sourceTree = "<group>";
		};
		D3F85C321A17CD76001D3FE5 /* Supporting Files */ = {
			isa = PBXGroup;
			children = (
				D3F85C331A17CD76001D3FE5 /* Info.plist */,
				D3F85C341A17CD76001D3FE5 /* main.m */,
			);
			name = "Supporting Files";
			sourceTree = "<group>";
		};
		D3F85C4E1A17CD76001D3FE5 /* Follow MeTests */ = {
			isa = PBXGroup;
			children = (
				D3F85C511A17CD76001D3FE5 /* Follow_MeTests.m */,
				D3F85C4F1A17CD76001D3FE5 /* Supporting Files */,
			);
			path = "Follow MeTests";
			sourceTree = "<group>";
		};
		D3F85C4F1A17CD76001D3FE5 /* Supporting Files */ = {
			isa = PBXGroup;
			children = (
				D3F85C501A17CD76001D3FE5 /* Info.plist */,
			);
			name = "Supporting Files";
			sourceTree = "<group>";
		};
/* End PBXGroup section */

/* Begin PBXNativeTarget section */
		D3F85C2E1A17CD76001D3FE5 /* Follow Me */ = {
			isa = PBXNativeTarget;
			buildConfigurationList = D3F85C551A17CD76001D3FE5 /* Build configuration list for PBXNativeTarget "Follow Me" */;
			buildPhases = (
				D3F85C2B1A17CD76001D3FE5 /* Sources */,
				D3F85C2C1A17CD76001D3FE5 /* Frameworks */,
				D3F85C2D1A17CD76001D3FE5 /* Resources */,
			);
			buildRules = (
			);
			dependencies = (
			);
			name = "Follow Me";
			productName = "Follow Me";
			productReference = D3F85C2F1A17CD76001D3FE5 /* Follow Me.app */;
			productType = "com.apple.product-type.application";
		};
		D3F85C4A1A17CD76001D3FE5 /* Follow MeTests */ = {
			isa = PBXNativeTarget;
			buildConfigurationList = D3F85C581A17CD76001D3FE5 /* Build configuration list for PBXNativeTarget "Follow MeTests" */;
			buildPhases = (
				D3F85C471A17CD76001D3FE5 /* Sources */,
				D3F85C481A17CD76001D3FE5 /* Frameworks */,
				D3F85C491A17CD76001D3FE5 /* Resources */,
			);
			buildRules = (
			);
			dependencies = (
				D3F85C4D1A17CD76001D3FE5 /* PBXTargetDependency */,
			);
			name = "Follow MeTests";
			productName = "Follow MeTests";
			productReference = D3F85C4B1A17CD76001D3FE5 /* Follow MeTests.xctest */;
			productType = "com.apple.product-type.bundle.unit-test";
		};
/* End PBXNativeTarget section */

/* Begin PBXProject section */
		D3F85C271A17CD76001D3FE5 /* Project object */ = {
			isa = PBXProject;
			attributes = {
				LastUpgradeCheck = 0610;
				ORGANIZATIONNAME = "Brian's Brain";
				TargetAttributes = {
					D3F85C2E1A17CD76001D3FE5 = {
						CreatedOnToolsVersion = 6.1;
					};
					D3F85C4A1A17CD76001D3FE5 = {
						CreatedOnToolsVersion = 6.1;
						TestTargetID = D3F85C2E1A17CD76001D3FE5;
					};
				};
			};
			buildConfigurationList = D3F85C2A1A17CD76001D3FE5 /* Build configuration list for PBXProject "Follow Me" */;
			compatibilityVersion = "Xcode 3.2";
			developmentRegion = English;
			hasScannedForEncodings = 0;
			knownRegions = (
				en,
				Base,
			);
			mainGroup = D3F85C261A17CD76001D3FE5;
			productRefGroup = D3F85C301A17CD76001D3FE5 /* Products */;
			projectDirPath = "";
			projectRoot = "";
			targets = (
				D3F85C2E1A17CD76001D3FE5 /* Follow Me */,
				D3F85C4A1A17CD76001D3FE5 /* Follow MeTests */,
			);
		};
/* End PBXProject section */

/* Begin PBXResourcesBuildPhase section */
		D3F85C2D1A17CD76001D3FE5 /* Resources */ = {
			isa = PBXResourcesBuildPhase;
			buildActionMask = 2147483647;
			files = (
				D358ACDD1A184E9C002E7E9A /* icon-avatar-60x60@2x.png in Resources */,
				D3F85C411A17CD76001D3FE5 /* Main.storyboard in Resources */,
				D3F85C461A17CD76001D3FE5 /* LaunchScreen.xib in Resources */,
				D358ACDF1A184E9C002E7E9A /* icon-checkbox-selected-green-25x25@2x.png in Resources */,
				D358ACDE1A184E9C002E7E9A /* icon-checkbox-selected-green-25x25.png in Resources */,
				D358ACDC1A184E9C002E7E9A /* icon-avatar-60x60.png in Resources */,
				D358ACE01A184E9C002E7E9A /* icon-checkbox-unselected-25x25.png in Resources */,
				D3F85C431A17CD76001D3FE5 /* Images.xcassets in Resources */,
				D358ACE61A184E9C002E7E9A /* THContactPickerTableViewCell.xib in Resources */,
				D358ACE91A184E9C002E7E9A /* THContactPickerViewController.xib in Resources */,
				D358ACE11A184E9C002E7E9A /* icon-checkbox-unselected-25x25@2x.png in Resources */,
			);
			runOnlyForDeploymentPostprocessing = 0;
		};
		D3F85C491A17CD76001D3FE5 /* Resources */ = {
			isa = PBXResourcesBuildPhase;
			buildActionMask = 2147483647;
			files = (
			);
			runOnlyForDeploymentPostprocessing = 0;
		};
/* End PBXResourcesBuildPhase section */

/* Begin PBXSourcesBuildPhase section */
		D3F85C2B1A17CD76001D3FE5 /* Sources */ = {
			isa = PBXSourcesBuildPhase;
			buildActionMask = 2147483647;
			files = (
				D3F85CC61A1829FC001D3FE5 /* ContactPickerViewController.m in Sources */,
				D3F85C3B1A17CD76001D3FE5 /* Follow_Me.xcdatamodeld in Sources */,
				D3F85C381A17CD76001D3FE5 /* AppDelegate.m in Sources */,
				D358ACE81A184E9C002E7E9A /* THContactPickerViewController.m in Sources */,
				D3F85C3E1A17CD76001D3FE5 /* MapViewController.m in Sources */,
				D358ACE41A184E9C002E7E9A /* THContactBubble.m in Sources */,
				D3F85C351A17CD76001D3FE5 /* main.m in Sources */,
				D358ACE21A184E9C002E7E9A /* THBubbleColor.m in Sources */,
				D358ACE31A184E9C002E7E9A /* THContact.m in Sources */,
				D358ACE51A184E9C002E7E9A /* THContactPickerTableViewCell.m in Sources */,
				D3F85CC91A182E2E001D3FE5 /* WelcomeViewController.m in Sources */,
				D358ACE71A184E9C002E7E9A /* THContactPickerView.m in Sources */,
			);
			runOnlyForDeploymentPostprocessing = 0;
		};
		D3F85C471A17CD76001D3FE5 /* Sources */ = {
			isa = PBXSourcesBuildPhase;
			buildActionMask = 2147483647;
			files = (
				D3F85C521A17CD76001D3FE5 /* Follow_MeTests.m in Sources */,
			);
			runOnlyForDeploymentPostprocessing = 0;
		};
/* End PBXSourcesBuildPhase section */

/* Begin PBXTargetDependency section */
		D3F85C4D1A17CD76001D3FE5 /* PBXTargetDependency */ = {
			isa = PBXTargetDependency;
			target = D3F85C2E1A17CD76001D3FE5 /* Follow Me */;
			targetProxy = D3F85C4C1A17CD76001D3FE5 /* PBXContainerItemProxy */;
		};
/* End PBXTargetDependency section */

/* Begin PBXVariantGroup section */
		D3F85C3F1A17CD76001D3FE5 /* Main.storyboard */ = {
			isa = PBXVariantGroup;
			children = (
				D3F85C401A17CD76001D3FE5 /* Base */,
			);
			name = Main.storyboard;
			sourceTree = "<group>";
		};
		D3F85C441A17CD76001D3FE5 /* LaunchScreen.xib */ = {
			isa = PBXVariantGroup;
			children = (
				D3F85C451A17CD76001D3FE5 /* Base */,
			);
			name = LaunchScreen.xib;
			sourceTree = "<group>";
		};
/* End PBXVariantGroup section */

/* Begin XCBuildConfiguration section */
		D3F85C531A17CD76001D3FE5 /* Debug */ = {
			isa = XCBuildConfiguration;
			buildSettings = {
				ALWAYS_SEARCH_USER_PATHS = NO;
				CLANG_CXX_LANGUAGE_STANDARD = "gnu++0x";
				CLANG_CXX_LIBRARY = "libc++";
				CLANG_ENABLE_MODULES = YES;
				CLANG_ENABLE_OBJC_ARC = YES;
				CLANG_WARN_BOOL_CONVERSION = YES;
				CLANG_WARN_CONSTANT_CONVERSION = YES;
				CLANG_WARN_DIRECT_OBJC_ISA_USAGE = YES_ERROR;
				CLANG_WARN_EMPTY_BODY = YES;
				CLANG_WARN_ENUM_CONVERSION = YES;
				CLANG_WARN_INT_CONVERSION = YES;
				CLANG_WARN_OBJC_ROOT_CLASS = YES_ERROR;
				CLANG_WARN_UNREACHABLE_CODE = YES;
				CLANG_WARN__DUPLICATE_METHOD_MATCH = YES;
				"CODE_SIGN_IDENTITY[sdk=iphoneos*]" = "iPhone Developer";
				COPY_PHASE_STRIP = NO;
				ENABLE_STRICT_OBJC_MSGSEND = YES;
				GCC_C_LANGUAGE_STANDARD = gnu99;
				GCC_DYNAMIC_NO_PIC = NO;
				GCC_OPTIMIZATION_LEVEL = 0;
				GCC_PREPROCESSOR_DEFINITIONS = (
					"DEBUG=1",
					"$(inherited)",
				);
				GCC_SYMBOLS_PRIVATE_EXTERN = NO;
				GCC_WARN_64_TO_32_BIT_CONVERSION = YES;
				GCC_WARN_ABOUT_RETURN_TYPE = YES_ERROR;
				GCC_WARN_UNDECLARED_SELECTOR = YES;
				GCC_WARN_UNINITIALIZED_AUTOS = YES_AGGRESSIVE;
				GCC_WARN_UNUSED_FUNCTION = YES;
				GCC_WARN_UNUSED_VARIABLE = YES;
				IPHONEOS_DEPLOYMENT_TARGET = 8.1;
				MTL_ENABLE_DEBUG_INFO = YES;
				ONLY_ACTIVE_ARCH = YES;
				SDKROOT = iphoneos;
			};
			name = Debug;
		};
		D3F85C541A17CD76001D3FE5 /* Release */ = {
			isa = XCBuildConfiguration;
			buildSettings = {
				ALWAYS_SEARCH_USER_PATHS = NO;
				CLANG_CXX_LANGUAGE_STANDARD = "gnu++0x";
				CLANG_CXX_LIBRARY = "libc++";
				CLANG_ENABLE_MODULES = YES;
				CLANG_ENABLE_OBJC_ARC = YES;
				CLANG_WARN_BOOL_CONVERSION = YES;
				CLANG_WARN_CONSTANT_CONVERSION = YES;
				CLANG_WARN_DIRECT_OBJC_ISA_USAGE = YES_ERROR;
				CLANG_WARN_EMPTY_BODY = YES;
				CLANG_WARN_ENUM_CONVERSION = YES;
				CLANG_WARN_INT_CONVERSION = YES;
				CLANG_WARN_OBJC_ROOT_CLASS = YES_ERROR;
				CLANG_WARN_UNREACHABLE_CODE = YES;
				CLANG_WARN__DUPLICATE_METHOD_MATCH = YES;
				"CODE_SIGN_IDENTITY[sdk=iphoneos*]" = "iPhone Developer";
				COPY_PHASE_STRIP = YES;
				ENABLE_NS_ASSERTIONS = NO;
				ENABLE_STRICT_OBJC_MSGSEND = YES;
				GCC_C_LANGUAGE_STANDARD = gnu99;
				GCC_WARN_64_TO_32_BIT_CONVERSION = YES;
				GCC_WARN_ABOUT_RETURN_TYPE = YES_ERROR;
				GCC_WARN_UNDECLARED_SELECTOR = YES;
				GCC_WARN_UNINITIALIZED_AUTOS = YES_AGGRESSIVE;
				GCC_WARN_UNUSED_FUNCTION = YES;
				GCC_WARN_UNUSED_VARIABLE = YES;
				IPHONEOS_DEPLOYMENT_TARGET = 8.1;
				MTL_ENABLE_DEBUG_INFO = NO;
				SDKROOT = iphoneos;
				VALIDATE_PRODUCT = YES;
			};
			name = Release;
		};
		D3F85C561A17CD76001D3FE5 /* Debug */ = {
			isa = XCBuildConfiguration;
			buildSettings = {
				ASSETCATALOG_COMPILER_APPICON_NAME = AppIcon;
				FRAMEWORK_SEARCH_PATHS = (
					"$(inherited)",
					"$(PROJECT_DIR)",
				);
				HEADER_SEARCH_PATHS = (
					"$(inherited)",
					/Users/Brian/Source/Follow,
					Me/3rdParty/THContactPicker/ContactPicker,
					/Applications/Xcode.app/Contents/Developer/Toolchains/XcodeDefault.xctoolchain/usr/include,
				);
				INFOPLIST_FILE = "Follow Me/Info.plist";
				LD_RUNPATH_SEARCH_PATHS = "$(inherited) @executable_path/Frameworks";
				OTHER_LDFLAGS = "-ObjC";
				PRODUCT_NAME = "$(TARGET_NAME)";
				USER_HEADER_SEARCH_PATHS = "/Users/Brian/Source/Follow Me/3rdParty/THContactPicker/ContactPicker";
			};
			name = Debug;
		};
		D3F85C571A17CD76001D3FE5 /* Release */ = {
			isa = XCBuildConfiguration;
			buildSettings = {
				ASSETCATALOG_COMPILER_APPICON_NAME = AppIcon;
				FRAMEWORK_SEARCH_PATHS = (
					"$(inherited)",
					"$(PROJECT_DIR)",
				);
				HEADER_SEARCH_PATHS = (
					"$(inherited)",
					/Users/Brian/Source/Follow,
					Me/3rdParty/THContactPicker/ContactPicker,
					/Applications/Xcode.app/Contents/Developer/Toolchains/XcodeDefault.xctoolchain/usr/include,
				);
				INFOPLIST_FILE = "Follow Me/Info.plist";
				LD_RUNPATH_SEARCH_PATHS = "$(inherited) @executable_path/Frameworks";
				OTHER_LDFLAGS = "-ObjC";
				PRODUCT_NAME = "$(TARGET_NAME)";
				USER_HEADER_SEARCH_PATHS = "/Users/Brian/Source/Follow Me/3rdParty/THContactPicker/ContactPicker";
			};
			name = Release;
		};
		D3F85C591A17CD76001D3FE5 /* Debug */ = {
			isa = XCBuildConfiguration;
			buildSettings = {
				BUNDLE_LOADER = "$(TEST_HOST)";
				FRAMEWORK_SEARCH_PATHS = (
					"$(SDKROOT)/Developer/Library/Frameworks",
					"$(inherited)",
				);
				GCC_PREPROCESSOR_DEFINITIONS = (
					"DEBUG=1",
					"$(inherited)",
				);
				INFOPLIST_FILE = "Follow MeTests/Info.plist";
				LD_RUNPATH_SEARCH_PATHS = "$(inherited) @executable_path/Frameworks @loader_path/Frameworks";
				PRODUCT_NAME = "$(TARGET_NAME)";
				TEST_HOST = "$(BUILT_PRODUCTS_DIR)/Follow Me.app/Follow Me";
			};
			name = Debug;
		};
		D3F85C5A1A17CD76001D3FE5 /* Release */ = {
			isa = XCBuildConfiguration;
			buildSettings = {
				BUNDLE_LOADER = "$(TEST_HOST)";
				FRAMEWORK_SEARCH_PATHS = (
					"$(SDKROOT)/Developer/Library/Frameworks",
					"$(inherited)",
				);
				INFOPLIST_FILE = "Follow MeTests/Info.plist";
				LD_RUNPATH_SEARCH_PATHS = "$(inherited) @executable_path/Frameworks @loader_path/Frameworks";
				PRODUCT_NAME = "$(TARGET_NAME)";
				TEST_HOST = "$(BUILT_PRODUCTS_DIR)/Follow Me.app/Follow Me";
			};
			name = Release;
		};
/* End XCBuildConfiguration section */

/* Begin XCConfigurationList section */
		D3F85C2A1A17CD76001D3FE5 /* Build configuration list for PBXProject "Follow Me" */ = {
			isa = XCConfigurationList;
			buildConfigurations = (
				D3F85C531A17CD76001D3FE5 /* Debug */,
				D3F85C541A17CD76001D3FE5 /* Release */,
			);
			defaultConfigurationIsVisible = 0;
			defaultConfigurationName = Release;
		};
		D3F85C551A17CD76001D3FE5 /* Build configuration list for PBXNativeTarget "Follow Me" */ = {
			isa = XCConfigurationList;
			buildConfigurations = (
				D3F85C561A17CD76001D3FE5 /* Debug */,
				D3F85C571A17CD76001D3FE5 /* Release */,
			);
			defaultConfigurationIsVisible = 0;
			defaultConfigurationName = Release;
		};
		D3F85C581A17CD76001D3FE5 /* Build configuration list for PBXNativeTarget "Follow MeTests" */ = {
			isa = XCConfigurationList;
			buildConfigurations = (
				D3F85C591A17CD76001D3FE5 /* Debug */,
				D3F85C5A1A17CD76001D3FE5 /* Release */,
			);
			defaultConfigurationIsVisible = 0;
			defaultConfigurationName = Release;
		};
/* End XCConfigurationList section */

/* Begin XCVersionGroup section */
		D3F85C391A17CD76001D3FE5 /* Follow_Me.xcdatamodeld */ = {
			isa = XCVersionGroup;
			children = (
				D3F85C3A1A17CD76001D3FE5 /* Follow_Me.xcdatamodel */,
			);
			currentVersion = D3F85C3A1A17CD76001D3FE5 /* Follow_Me.xcdatamodel */;
			path = Follow_Me.xcdatamodeld;
			sourceTree = "<group>";
			versionGroupType = wrapper.xcdatamodel;
		};
/* End XCVersionGroup section */
	};
	rootObject = D3F85C271A17CD76001D3FE5 /* Project object */;
}
